// !$*UTF8*$!
{
	archiveVersion = 1;
	classes = {
	};
	objectVersion = 48;
	objects = {

/* Begin PBXBuildFile section */
		7CE939975595D2EF2F21AD09 /* Pods_GotchaTests.framework in Frameworks */ = {isa = PBXBuildFile; fileRef = E92D5A7043FBCD91DF11FD31 /* Pods_GotchaTests.framework */; };
		953A838D20794E26008E3994 /* ArenaViewController.swift in Sources */ = {isa = PBXBuildFile; fileRef = 953A838C20794E26008E3994 /* ArenaViewController.swift */; };
		953D843A202E70CA001E4FD7 /* RestAPIManager.swift in Sources */ = {isa = PBXBuildFile; fileRef = 953D8439202E70CA001E4FD7 /* RestAPIManager.swift */; };
		953D843B202E70CA001E4FD7 /* RestAPIManager.swift in Sources */ = {isa = PBXBuildFile; fileRef = 953D8439202E70CA001E4FD7 /* RestAPIManager.swift */; };
		953D843D202E744E001E4FD7 /* Constants.swift in Sources */ = {isa = PBXBuildFile; fileRef = 953D843C202E744E001E4FD7 /* Constants.swift */; };
		953D843E202E744E001E4FD7 /* Constants.swift in Sources */ = {isa = PBXBuildFile; fileRef = 953D843C202E744E001E4FD7 /* Constants.swift */; };
		953D8441202FD174001E4FD7 /* Player.swift in Sources */ = {isa = PBXBuildFile; fileRef = 953D843F202FD174001E4FD7 /* Player.swift */; };
		953D8442202FD174001E4FD7 /* Player.swift in Sources */ = {isa = PBXBuildFile; fileRef = 953D843F202FD174001E4FD7 /* Player.swift */; };
		953D8443202FD174001E4FD7 /* PlayerAttributes.swift in Sources */ = {isa = PBXBuildFile; fileRef = 953D8440202FD174001E4FD7 /* PlayerAttributes.swift */; };
		953D8444202FD174001E4FD7 /* PlayerAttributes.swift in Sources */ = {isa = PBXBuildFile; fileRef = 953D8440202FD174001E4FD7 /* PlayerAttributes.swift */; };
		953D84492030A363001E4FD7 /* LogicHelper.swift in Sources */ = {isa = PBXBuildFile; fileRef = 953D84482030A363001E4FD7 /* LogicHelper.swift */; };
		953D844A2030A363001E4FD7 /* LogicHelper.swift in Sources */ = {isa = PBXBuildFile; fileRef = 953D84482030A363001E4FD7 /* LogicHelper.swift */; };
		954A396B20685A0D00222775 /* Data.swift in Sources */ = {isa = PBXBuildFile; fileRef = 954A396A20685A0D00222775 /* Data.swift */; };
		954D8EB92041EFBD00A0DE0F /* Arena.swift in Sources */ = {isa = PBXBuildFile; fileRef = 954D8EB72041EFBD00A0DE0F /* Arena.swift */; };
		954D8EBA2041EFBD00A0DE0F /* ArenaAttributes.swift in Sources */ = {isa = PBXBuildFile; fileRef = 954D8EB82041EFBD00A0DE0F /* ArenaAttributes.swift */; };
		954D8EBD2041F2C800A0DE0F /* ArenaListViewController.swift in Sources */ = {isa = PBXBuildFile; fileRef = 954D8EBC2041F2C800A0DE0F /* ArenaListViewController.swift */; };
		95ABFF502051C39F00C3F032 /* UIApplication.swift in Sources */ = {isa = PBXBuildFile; fileRef = 95ABFF4F2051C39F00C3F032 /* UIApplication.swift */; };
		95ABFF512051C39F00C3F032 /* UIApplication.swift in Sources */ = {isa = PBXBuildFile; fileRef = 95ABFF4F2051C39F00C3F032 /* UIApplication.swift */; };
		95ABFF532051C3D700C3F032 /* UIColor.swift in Sources */ = {isa = PBXBuildFile; fileRef = 95ABFF522051C3D700C3F032 /* UIColor.swift */; };
		95ABFF552051C41E00C3F032 /* UITextField.swift in Sources */ = {isa = PBXBuildFile; fileRef = 95ABFF542051C41E00C3F032 /* UITextField.swift */; };
		95ABFF572051C43B00C3F032 /* UIButton.swift in Sources */ = {isa = PBXBuildFile; fileRef = 95ABFF562051C43B00C3F032 /* UIButton.swift */; };
		95ABFF5A2051C4A200C3F032 /* UIViewController.swift in Sources */ = {isa = PBXBuildFile; fileRef = 95ABFF592051C4A200C3F032 /* UIViewController.swift */; };
		95ABFF5C2051C4BF00C3F032 /* UIView.swift in Sources */ = {isa = PBXBuildFile; fileRef = 95ABFF5B2051C4BF00C3F032 /* UIView.swift */; };
		95ABFF5E2051C4FF00C3F032 /* Double.swift in Sources */ = {isa = PBXBuildFile; fileRef = 95ABFF5D2051C4FF00C3F032 /* Double.swift */; };
		95ABFF602051C51000C3F032 /* Int.swift in Sources */ = {isa = PBXBuildFile; fileRef = 95ABFF5F2051C51000C3F032 /* Int.swift */; };
		95ABFF622051C52500C3F032 /* String.swift in Sources */ = {isa = PBXBuildFile; fileRef = 95ABFF612051C52500C3F032 /* String.swift */; };
		95ABFF642051C53D00C3F032 /* UIImageView.swift in Sources */ = {isa = PBXBuildFile; fileRef = 95ABFF632051C53D00C3F032 /* UIImageView.swift */; };
		95ABFF662051C55A00C3F032 /* JSON.swift in Sources */ = {isa = PBXBuildFile; fileRef = 95ABFF652051C55A00C3F032 /* JSON.swift */; };
		95ABFF682051C59300C3F032 /* Date.swift in Sources */ = {isa = PBXBuildFile; fileRef = 95ABFF672051C59300C3F032 /* Date.swift */; };
		95ABFF6A2051C5D000C3F032 /* Formatter.swift in Sources */ = {isa = PBXBuildFile; fileRef = 95ABFF692051C5D000C3F032 /* Formatter.swift */; };
		95E52AD320361E9300A66B92 /* GlobalState.swift in Sources */ = {isa = PBXBuildFile; fileRef = 95E52AD220361E9300A66B92 /* GlobalState.swift */; };
		95E52AD420361E9300A66B92 /* GlobalState.swift in Sources */ = {isa = PBXBuildFile; fileRef = 95E52AD220361E9300A66B92 /* GlobalState.swift */; };
		95E52AD7203624AF00A66B92 /* RegistrationViewController.swift in Sources */ = {isa = PBXBuildFile; fileRef = 95E52AD6203624AF00A66B92 /* RegistrationViewController.swift */; };
		95E52AD8203624AF00A66B92 /* RegistrationViewController.swift in Sources */ = {isa = PBXBuildFile; fileRef = 95E52AD6203624AF00A66B92 /* RegistrationViewController.swift */; };
		95E802882023F9460075FEEE /* AppDelegate.swift in Sources */ = {isa = PBXBuildFile; fileRef = 95E802872023F9460075FEEE /* AppDelegate.swift */; };
		95E8028A2023F9460075FEEE /* LoginViewController.swift in Sources */ = {isa = PBXBuildFile; fileRef = 95E802892023F9460075FEEE /* LoginViewController.swift */; };
		95E8028D2023F9460075FEEE /* Main.storyboard in Resources */ = {isa = PBXBuildFile; fileRef = 95E8028B2023F9460075FEEE /* Main.storyboard */; };
		95E8028F2023F9460075FEEE /* Assets.xcassets in Resources */ = {isa = PBXBuildFile; fileRef = 95E8028E2023F9460075FEEE /* Assets.xcassets */; };
		95E802922023F9460075FEEE /* LaunchScreen.storyboard in Resources */ = {isa = PBXBuildFile; fileRef = 95E802902023F9460075FEEE /* LaunchScreen.storyboard */; };
		95E8029D2023F9460075FEEE /* GotchaTests.swift in Sources */ = {isa = PBXBuildFile; fileRef = 95E8029C2023F9460075FEEE /* GotchaTests.swift */; };
		C296414746A1DA7B0CB304C9 /* Pods_Gotcha.framework in Frameworks */ = {isa = PBXBuildFile; fileRef = F08FD81B7F6BFA4818D3C622 /* Pods_Gotcha.framework */; };
/* End PBXBuildFile section */

/* Begin PBXContainerItemProxy section */
		95E802992023F9460075FEEE /* PBXContainerItemProxy */ = {
			isa = PBXContainerItemProxy;
			containerPortal = 95E8027C2023F9460075FEEE /* Project object */;
			proxyType = 1;
			remoteGlobalIDString = 95E802832023F9460075FEEE;
			remoteInfo = Gotcha;
		};
/* End PBXContainerItemProxy section */

/* Begin PBXFileReference section */
		3D38CD69D36DBBEFF2BD74D6 /* Pods-Gotcha.debug.xcconfig */ = {isa = PBXFileReference; includeInIndex = 1; lastKnownFileType = text.xcconfig; name = "Pods-Gotcha.debug.xcconfig"; path = "Pods/Target Support Files/Pods-Gotcha/Pods-Gotcha.debug.xcconfig"; sourceTree = "<group>"; };
		56BC6F43DDB31ED6276CE170 /* Pods-GotchaTests.release.xcconfig */ = {isa = PBXFileReference; includeInIndex = 1; lastKnownFileType = text.xcconfig; name = "Pods-GotchaTests.release.xcconfig"; path = "Pods/Target Support Files/Pods-GotchaTests/Pods-GotchaTests.release.xcconfig"; sourceTree = "<group>"; };
		953A838C20794E26008E3994 /* ArenaViewController.swift */ = {isa = PBXFileReference; lastKnownFileType = sourcecode.swift; path = ArenaViewController.swift; sourceTree = "<group>"; };
		953D8439202E70CA001E4FD7 /* RestAPIManager.swift */ = {isa = PBXFileReference; lastKnownFileType = sourcecode.swift; path = RestAPIManager.swift; sourceTree = "<group>"; };
		953D843C202E744E001E4FD7 /* Constants.swift */ = {isa = PBXFileReference; lastKnownFileType = sourcecode.swift; path = Constants.swift; sourceTree = "<group>"; };
		953D843F202FD174001E4FD7 /* Player.swift */ = {isa = PBXFileReference; fileEncoding = 4; lastKnownFileType = sourcecode.swift; path = Player.swift; sourceTree = "<group>"; };
		953D8440202FD174001E4FD7 /* PlayerAttributes.swift */ = {isa = PBXFileReference; fileEncoding = 4; lastKnownFileType = sourcecode.swift; path = PlayerAttributes.swift; sourceTree = "<group>"; };
		953D84482030A363001E4FD7 /* LogicHelper.swift */ = {isa = PBXFileReference; fileEncoding = 4; lastKnownFileType = sourcecode.swift; path = LogicHelper.swift; sourceTree = "<group>"; };
		954A39692068587500222775 /* Gotcha.entitlements */ = {isa = PBXFileReference; lastKnownFileType = text.plist.entitlements; path = Gotcha.entitlements; sourceTree = "<group>"; };
		954A396A20685A0D00222775 /* Data.swift */ = {isa = PBXFileReference; lastKnownFileType = sourcecode.swift; path = Data.swift; sourceTree = "<group>"; };
		954D8EB72041EFBD00A0DE0F /* Arena.swift */ = {isa = PBXFileReference; fileEncoding = 4; lastKnownFileType = sourcecode.swift; path = Arena.swift; sourceTree = "<group>"; };
		954D8EB82041EFBD00A0DE0F /* ArenaAttributes.swift */ = {isa = PBXFileReference; fileEncoding = 4; lastKnownFileType = sourcecode.swift; path = ArenaAttributes.swift; sourceTree = "<group>"; };
		954D8EBC2041F2C800A0DE0F /* ArenaListViewController.swift */ = {isa = PBXFileReference; lastKnownFileType = sourcecode.swift; path = ArenaListViewController.swift; sourceTree = "<group>"; };
		95ABFF4F2051C39F00C3F032 /* UIApplication.swift */ = {isa = PBXFileReference; lastKnownFileType = sourcecode.swift; path = UIApplication.swift; sourceTree = "<group>"; };
		95ABFF522051C3D700C3F032 /* UIColor.swift */ = {isa = PBXFileReference; lastKnownFileType = sourcecode.swift; path = UIColor.swift; sourceTree = "<group>"; };
		95ABFF542051C41E00C3F032 /* UITextField.swift */ = {isa = PBXFileReference; lastKnownFileType = sourcecode.swift; path = UITextField.swift; sourceTree = "<group>"; };
		95ABFF562051C43B00C3F032 /* UIButton.swift */ = {isa = PBXFileReference; lastKnownFileType = sourcecode.swift; path = UIButton.swift; sourceTree = "<group>"; };
		95ABFF592051C4A200C3F032 /* UIViewController.swift */ = {isa = PBXFileReference; lastKnownFileType = sourcecode.swift; path = UIViewController.swift; sourceTree = "<group>"; };
		95ABFF5B2051C4BF00C3F032 /* UIView.swift */ = {isa = PBXFileReference; lastKnownFileType = sourcecode.swift; path = UIView.swift; sourceTree = "<group>"; };
		95ABFF5D2051C4FF00C3F032 /* Double.swift */ = {isa = PBXFileReference; lastKnownFileType = sourcecode.swift; path = Double.swift; sourceTree = "<group>"; };
		95ABFF5F2051C51000C3F032 /* Int.swift */ = {isa = PBXFileReference; lastKnownFileType = sourcecode.swift; path = Int.swift; sourceTree = "<group>"; };
		95ABFF612051C52500C3F032 /* String.swift */ = {isa = PBXFileReference; lastKnownFileType = sourcecode.swift; path = String.swift; sourceTree = "<group>"; };
		95ABFF632051C53D00C3F032 /* UIImageView.swift */ = {isa = PBXFileReference; lastKnownFileType = sourcecode.swift; path = UIImageView.swift; sourceTree = "<group>"; };
		95ABFF652051C55A00C3F032 /* JSON.swift */ = {isa = PBXFileReference; lastKnownFileType = sourcecode.swift; path = JSON.swift; sourceTree = "<group>"; };
		95ABFF672051C59300C3F032 /* Date.swift */ = {isa = PBXFileReference; lastKnownFileType = sourcecode.swift; path = Date.swift; sourceTree = "<group>"; };
		95ABFF692051C5D000C3F032 /* Formatter.swift */ = {isa = PBXFileReference; lastKnownFileType = sourcecode.swift; path = Formatter.swift; sourceTree = "<group>"; };
		95E52AD220361E9300A66B92 /* GlobalState.swift */ = {isa = PBXFileReference; lastKnownFileType = sourcecode.swift; path = GlobalState.swift; sourceTree = "<group>"; };
		95E52AD6203624AF00A66B92 /* RegistrationViewController.swift */ = {isa = PBXFileReference; lastKnownFileType = sourcecode.swift; path = RegistrationViewController.swift; sourceTree = "<group>"; };
		95E802842023F9460075FEEE /* Gotcha.app */ = {isa = PBXFileReference; explicitFileType = wrapper.application; includeInIndex = 0; path = Gotcha.app; sourceTree = BUILT_PRODUCTS_DIR; };
		95E802872023F9460075FEEE /* AppDelegate.swift */ = {isa = PBXFileReference; lastKnownFileType = sourcecode.swift; path = AppDelegate.swift; sourceTree = "<group>"; };
		95E802892023F9460075FEEE /* LoginViewController.swift */ = {isa = PBXFileReference; lastKnownFileType = sourcecode.swift; path = LoginViewController.swift; sourceTree = "<group>"; };
		95E8028C2023F9460075FEEE /* Base */ = {isa = PBXFileReference; lastKnownFileType = file.storyboard; name = Base; path = Base.lproj/Main.storyboard; sourceTree = "<group>"; };
		95E8028E2023F9460075FEEE /* Assets.xcassets */ = {isa = PBXFileReference; lastKnownFileType = folder.assetcatalog; path = Assets.xcassets; sourceTree = "<group>"; };
		95E802912023F9460075FEEE /* Base */ = {isa = PBXFileReference; lastKnownFileType = file.storyboard; name = Base; path = Base.lproj/LaunchScreen.storyboard; sourceTree = "<group>"; };
		95E802932023F9460075FEEE /* Info.plist */ = {isa = PBXFileReference; lastKnownFileType = text.plist.xml; path = Info.plist; sourceTree = "<group>"; };
		95E802982023F9460075FEEE /* GotchaTests.xctest */ = {isa = PBXFileReference; explicitFileType = wrapper.cfbundle; includeInIndex = 0; path = GotchaTests.xctest; sourceTree = BUILT_PRODUCTS_DIR; };
		95E8029C2023F9460075FEEE /* GotchaTests.swift */ = {isa = PBXFileReference; lastKnownFileType = sourcecode.swift; path = GotchaTests.swift; sourceTree = "<group>"; };
		95E8029E2023F9460075FEEE /* Info.plist */ = {isa = PBXFileReference; lastKnownFileType = text.plist.xml; path = Info.plist; sourceTree = "<group>"; };
		BAB6B31B0027314FFAB69842 /* Pods-GotchaTests.debug.xcconfig */ = {isa = PBXFileReference; includeInIndex = 1; lastKnownFileType = text.xcconfig; name = "Pods-GotchaTests.debug.xcconfig"; path = "Pods/Target Support Files/Pods-GotchaTests/Pods-GotchaTests.debug.xcconfig"; sourceTree = "<group>"; };
		E92D5A7043FBCD91DF11FD31 /* Pods_GotchaTests.framework */ = {isa = PBXFileReference; explicitFileType = wrapper.framework; includeInIndex = 0; path = Pods_GotchaTests.framework; sourceTree = BUILT_PRODUCTS_DIR; };
		F08FD81B7F6BFA4818D3C622 /* Pods_Gotcha.framework */ = {isa = PBXFileReference; explicitFileType = wrapper.framework; includeInIndex = 0; path = Pods_Gotcha.framework; sourceTree = BUILT_PRODUCTS_DIR; };
		F93E83A96F43ED8B1FF71208 /* Pods-Gotcha.release.xcconfig */ = {isa = PBXFileReference; includeInIndex = 1; lastKnownFileType = text.xcconfig; name = "Pods-Gotcha.release.xcconfig"; path = "Pods/Target Support Files/Pods-Gotcha/Pods-Gotcha.release.xcconfig"; sourceTree = "<group>"; };
/* End PBXFileReference section */

/* Begin PBXFrameworksBuildPhase section */
		95E802812023F9460075FEEE /* Frameworks */ = {
			isa = PBXFrameworksBuildPhase;
			buildActionMask = 2147483647;
			files = (
				C296414746A1DA7B0CB304C9 /* Pods_Gotcha.framework in Frameworks */,
			);
			runOnlyForDeploymentPostprocessing = 0;
		};
		95E802952023F9460075FEEE /* Frameworks */ = {
			isa = PBXFrameworksBuildPhase;
			buildActionMask = 2147483647;
			files = (
				7CE939975595D2EF2F21AD09 /* Pods_GotchaTests.framework in Frameworks */,
			);
			runOnlyForDeploymentPostprocessing = 0;
		};
/* End PBXFrameworksBuildPhase section */

/* Begin PBXGroup section */
		17509C1657D2852EAF09B0DA /* Frameworks */ = {
			isa = PBXGroup;
			children = (
				F08FD81B7F6BFA4818D3C622 /* Pods_Gotcha.framework */,
				E92D5A7043FBCD91DF11FD31 /* Pods_GotchaTests.framework */,
			);
			name = Frameworks;
			sourceTree = "<group>";
		};
		953F5D49203F686E0093FE2F /* Player */ = {
			isa = PBXGroup;
			children = (
				953D843F202FD174001E4FD7 /* Player.swift */,
				953D8440202FD174001E4FD7 /* PlayerAttributes.swift */,
			);
			name = Player;
			sourceTree = "<group>";
		};
		953F5D4A203F68790093FE2F /* Arena */ = {
			isa = PBXGroup;
			children = (
				954D8EB82041EFBD00A0DE0F /* ArenaAttributes.swift */,
				954D8EB72041EFBD00A0DE0F /* Arena.swift */,
			);
			name = Arena;
			sourceTree = "<group>";
		};
		954D8EBB2041F28B00A0DE0F /* Arena */ = {
			isa = PBXGroup;
			children = (
				954D8EBC2041F2C800A0DE0F /* ArenaListViewController.swift */,
				953A838C20794E26008E3994 /* ArenaViewController.swift */,
			);
			name = Arena;
			sourceTree = "<group>";
		};
		95ABFF4B2051C11C00C3F032 /* Extensions */ = {
			isa = PBXGroup;
			children = (
				95ABFF4F2051C39F00C3F032 /* UIApplication.swift */,
				95ABFF522051C3D700C3F032 /* UIColor.swift */,
				95ABFF542051C41E00C3F032 /* UITextField.swift */,
				95ABFF562051C43B00C3F032 /* UIButton.swift */,
				95ABFF592051C4A200C3F032 /* UIViewController.swift */,
				95ABFF5B2051C4BF00C3F032 /* UIView.swift */,
				95ABFF5D2051C4FF00C3F032 /* Double.swift */,
				95ABFF5F2051C51000C3F032 /* Int.swift */,
				95ABFF612051C52500C3F032 /* String.swift */,
				95ABFF632051C53D00C3F032 /* UIImageView.swift */,
				95ABFF652051C55A00C3F032 /* JSON.swift */,
				95ABFF672051C59300C3F032 /* Date.swift */,
				95ABFF692051C5D000C3F032 /* Formatter.swift */,
				954A396A20685A0D00222775 /* Data.swift */,
			);
			name = Extensions;
			sourceTree = "<group>";
		};
		95BBB336202E6C9000929182 /* Controllers */ = {
			isa = PBXGroup;
			children = (
				954D8EBB2041F28B00A0DE0F /* Arena */,
				95E52AD52036249900A66B92 /* Authentication */,
			);
			name = Controllers;
			sourceTree = "<group>";
		};
		95BBB337202E6CA500929182 /* Views */ = {
			isa = PBXGroup;
			children = (
				95E8028B2023F9460075FEEE /* Main.storyboard */,
			);
			name = Views;
			sourceTree = "<group>";
		};
		95BBB338202E6CAE00929182 /* Models */ = {
			isa = PBXGroup;
			children = (
				953F5D4A203F68790093FE2F /* Arena */,
				953F5D49203F686E0093FE2F /* Player */,
			);
			name = Models;
			sourceTree = "<group>";
		};
		95BBB339202E6CBB00929182 /* Resources */ = {
			isa = PBXGroup;
			children = (
				95ABFF4B2051C11C00C3F032 /* Extensions */,
				953D8439202E70CA001E4FD7 /* RestAPIManager.swift */,
				953D843C202E744E001E4FD7 /* Constants.swift */,
				953D84482030A363001E4FD7 /* LogicHelper.swift */,
				95E52AD220361E9300A66B92 /* GlobalState.swift */,
			);
			name = Resources;
			sourceTree = "<group>";
		};
		95E52AD52036249900A66B92 /* Authentication */ = {
			isa = PBXGroup;
			children = (
				95E802892023F9460075FEEE /* LoginViewController.swift */,
				95E52AD6203624AF00A66B92 /* RegistrationViewController.swift */,
			);
			name = Authentication;
			sourceTree = "<group>";
		};
		95E8027B2023F9460075FEEE = {
			isa = PBXGroup;
			children = (
				95E802862023F9460075FEEE /* Gotcha */,
				95E8029B2023F9460075FEEE /* GotchaTests */,
				95E802852023F9460075FEEE /* Products */,
				E6C8DA42250723BD702AAF85 /* Pods */,
				17509C1657D2852EAF09B0DA /* Frameworks */,
			);
			sourceTree = "<group>";
		};
		95E802852023F9460075FEEE /* Products */ = {
			isa = PBXGroup;
			children = (
				95E802842023F9460075FEEE /* Gotcha.app */,
				95E802982023F9460075FEEE /* GotchaTests.xctest */,
			);
			name = Products;
			sourceTree = "<group>";
		};
		95E802862023F9460075FEEE /* Gotcha */ = {
			isa = PBXGroup;
			children = (
				954A39692068587500222775 /* Gotcha.entitlements */,
				95BBB338202E6CAE00929182 /* Models */,
				95BBB337202E6CA500929182 /* Views */,
				95BBB336202E6C9000929182 /* Controllers */,
				95BBB339202E6CBB00929182 /* Resources */,
				95E802872023F9460075FEEE /* AppDelegate.swift */,
				95E8028E2023F9460075FEEE /* Assets.xcassets */,
				95E802902023F9460075FEEE /* LaunchScreen.storyboard */,
				95E802932023F9460075FEEE /* Info.plist */,
			);
			path = Gotcha;
			sourceTree = "<group>";
		};
		95E8029B2023F9460075FEEE /* GotchaTests */ = {
			isa = PBXGroup;
			children = (
				95E8029C2023F9460075FEEE /* GotchaTests.swift */,
				95E8029E2023F9460075FEEE /* Info.plist */,
			);
			path = GotchaTests;
			sourceTree = "<group>";
		};
		E6C8DA42250723BD702AAF85 /* Pods */ = {
			isa = PBXGroup;
			children = (
				3D38CD69D36DBBEFF2BD74D6 /* Pods-Gotcha.debug.xcconfig */,
				F93E83A96F43ED8B1FF71208 /* Pods-Gotcha.release.xcconfig */,
				BAB6B31B0027314FFAB69842 /* Pods-GotchaTests.debug.xcconfig */,
				56BC6F43DDB31ED6276CE170 /* Pods-GotchaTests.release.xcconfig */,
			);
			name = Pods;
			sourceTree = "<group>";
		};
/* End PBXGroup section */

/* Begin PBXNativeTarget section */
		95E802832023F9460075FEEE /* Gotcha */ = {
			isa = PBXNativeTarget;
			buildConfigurationList = 95E802A12023F9460075FEEE /* Build configuration list for PBXNativeTarget "Gotcha" */;
			buildPhases = (
				E8F8197FDD2A1B1C5EE69021 /* [CP] Check Pods Manifest.lock */,
				95E802802023F9460075FEEE /* Sources */,
				95E802812023F9460075FEEE /* Frameworks */,
				95E802822023F9460075FEEE /* Resources */,
				F299ED2739085083B59C7AA2 /* [CP] Embed Pods Frameworks */,
				FA39E5E7FCB98EFD77F8379E /* [CP] Copy Pods Resources */,
			);
			buildRules = (
			);
			dependencies = (
			);
			name = Gotcha;
			productName = Gotcha;
			productReference = 95E802842023F9460075FEEE /* Gotcha.app */;
			productType = "com.apple.product-type.application";
		};
		95E802972023F9460075FEEE /* GotchaTests */ = {
			isa = PBXNativeTarget;
			buildConfigurationList = 95E802A42023F9460075FEEE /* Build configuration list for PBXNativeTarget "GotchaTests" */;
			buildPhases = (
				59DAB1BFE6FDB8205936CD66 /* [CP] Check Pods Manifest.lock */,
				95E802942023F9460075FEEE /* Sources */,
				95E802952023F9460075FEEE /* Frameworks */,
				95E802962023F9460075FEEE /* Resources */,
				9E16B4C347E6902586DF7AE0 /* [CP] Embed Pods Frameworks */,
				9D4AD79D5C138442459822FA /* [CP] Copy Pods Resources */,
			);
			buildRules = (
			);
			dependencies = (
				95E8029A2023F9460075FEEE /* PBXTargetDependency */,
			);
			name = GotchaTests;
			productName = GotchaTests;
			productReference = 95E802982023F9460075FEEE /* GotchaTests.xctest */;
			productType = "com.apple.product-type.bundle.unit-test";
		};
/* End PBXNativeTarget section */

/* Begin PBXProject section */
		95E8027C2023F9460075FEEE /* Project object */ = {
			isa = PBXProject;
			attributes = {
				LastSwiftUpdateCheck = 0920;
				LastUpgradeCheck = 0920;
				ORGANIZATIONNAME = GroundSpeed;
				TargetAttributes = {
					95E802832023F9460075FEEE = {
						CreatedOnToolsVersion = 9.2;
						ProvisioningStyle = Automatic;
						SystemCapabilities = {
							com.apple.Push = {
								enabled = 1;
							};
						};
					};
					95E802972023F9460075FEEE = {
						CreatedOnToolsVersion = 9.2;
						ProvisioningStyle = Automatic;
						TestTargetID = 95E802832023F9460075FEEE;
					};
				};
			};
			buildConfigurationList = 95E8027F2023F9460075FEEE /* Build configuration list for PBXProject "Gotcha" */;
			compatibilityVersion = "Xcode 8.0";
			developmentRegion = en;
			hasScannedForEncodings = 0;
			knownRegions = (
				en,
				Base,
			);
			mainGroup = 95E8027B2023F9460075FEEE;
			productRefGroup = 95E802852023F9460075FEEE /* Products */;
			projectDirPath = "";
			projectRoot = "";
			targets = (
				95E802832023F9460075FEEE /* Gotcha */,
				95E802972023F9460075FEEE /* GotchaTests */,
			);
		};
/* End PBXProject section */

/* Begin PBXResourcesBuildPhase section */
		95E802822023F9460075FEEE /* Resources */ = {
			isa = PBXResourcesBuildPhase;
			buildActionMask = 2147483647;
			files = (
				95E802922023F9460075FEEE /* LaunchScreen.storyboard in Resources */,
				95E8028F2023F9460075FEEE /* Assets.xcassets in Resources */,
				95E8028D2023F9460075FEEE /* Main.storyboard in Resources */,
			);
			runOnlyForDeploymentPostprocessing = 0;
		};
		95E802962023F9460075FEEE /* Resources */ = {
			isa = PBXResourcesBuildPhase;
			buildActionMask = 2147483647;
			files = (
			);
			runOnlyForDeploymentPostprocessing = 0;
		};
/* End PBXResourcesBuildPhase section */

/* Begin PBXShellScriptBuildPhase section */
		59DAB1BFE6FDB8205936CD66 /* [CP] Check Pods Manifest.lock */ = {
			isa = PBXShellScriptBuildPhase;
			buildActionMask = 2147483647;
			files = (
			);
			inputPaths = (
			);
			name = "[CP] Check Pods Manifest.lock";
			outputPaths = (
			);
			runOnlyForDeploymentPostprocessing = 0;
			shellPath = /bin/sh;
			shellScript = "diff \"${PODS_ROOT}/../Podfile.lock\" \"${PODS_ROOT}/Manifest.lock\" > /dev/null\nif [ $? != 0 ] ; then\n    # print error to STDERR\n    echo \"error: The sandbox is not in sync with the Podfile.lock. Run 'pod install' or update your CocoaPods installation.\" >&2\n    exit 1\nfi\n";
			showEnvVarsInLog = 0;
		};
		9D4AD79D5C138442459822FA /* [CP] Copy Pods Resources */ = {
			isa = PBXShellScriptBuildPhase;
			buildActionMask = 2147483647;
			files = (
			);
			inputPaths = (
			);
			name = "[CP] Copy Pods Resources";
			outputPaths = (
			);
			runOnlyForDeploymentPostprocessing = 0;
			shellPath = /bin/sh;
			shellScript = "\"${SRCROOT}/Pods/Target Support Files/Pods-GotchaTests/Pods-GotchaTests-resources.sh\"\n";
			showEnvVarsInLog = 0;
		};
		9E16B4C347E6902586DF7AE0 /* [CP] Embed Pods Frameworks */ = {
			isa = PBXShellScriptBuildPhase;
			buildActionMask = 2147483647;
			files = (
			);
			inputPaths = (
			);
			name = "[CP] Embed Pods Frameworks";
			outputPaths = (
			);
			runOnlyForDeploymentPostprocessing = 0;
			shellPath = /bin/sh;
			shellScript = "\"${SRCROOT}/Pods/Target Support Files/Pods-GotchaTests/Pods-GotchaTests-frameworks.sh\"\n";
			showEnvVarsInLog = 0;
		};
		E8F8197FDD2A1B1C5EE69021 /* [CP] Check Pods Manifest.lock */ = {
			isa = PBXShellScriptBuildPhase;
			buildActionMask = 2147483647;
			files = (
			);
			inputPaths = (
			);
			name = "[CP] Check Pods Manifest.lock";
			outputPaths = (
			);
			runOnlyForDeploymentPostprocessing = 0;
			shellPath = /bin/sh;
			shellScript = "diff \"${PODS_ROOT}/../Podfile.lock\" \"${PODS_ROOT}/Manifest.lock\" > /dev/null\nif [ $? != 0 ] ; then\n    # print error to STDERR\n    echo \"error: The sandbox is not in sync with the Podfile.lock. Run 'pod install' or update your CocoaPods installation.\" >&2\n    exit 1\nfi\n";
			showEnvVarsInLog = 0;
		};
		F299ED2739085083B59C7AA2 /* [CP] Embed Pods Frameworks */ = {
			isa = PBXShellScriptBuildPhase;
			buildActionMask = 2147483647;
			files = (
			);
			inputPaths = (
			);
			name = "[CP] Embed Pods Frameworks";
			outputPaths = (
			);
			runOnlyForDeploymentPostprocessing = 0;
			shellPath = /bin/sh;
			shellScript = "\"${SRCROOT}/Pods/Target Support Files/Pods-Gotcha/Pods-Gotcha-frameworks.sh\"\n";
			showEnvVarsInLog = 0;
		};
		FA39E5E7FCB98EFD77F8379E /* [CP] Copy Pods Resources */ = {
			isa = PBXShellScriptBuildPhase;
			buildActionMask = 2147483647;
			files = (
			);
			inputPaths = (
			);
			name = "[CP] Copy Pods Resources";
			outputPaths = (
			);
			runOnlyForDeploymentPostprocessing = 0;
			shellPath = /bin/sh;
			shellScript = "\"${SRCROOT}/Pods/Target Support Files/Pods-Gotcha/Pods-Gotcha-resources.sh\"\n";
			showEnvVarsInLog = 0;
		};
/* End PBXShellScriptBuildPhase section */

/* Begin PBXSourcesBuildPhase section */
		95E802802023F9460075FEEE /* Sources */ = {
			isa = PBXSourcesBuildPhase;
			buildActionMask = 2147483647;
			files = (
				95ABFF502051C39F00C3F032 /* UIApplication.swift in Sources */,
				95ABFF532051C3D700C3F032 /* UIColor.swift in Sources */,
				95E8028A2023F9460075FEEE /* LoginViewController.swift in Sources */,
				953A838D20794E26008E3994 /* ArenaViewController.swift in Sources */,
				95ABFF572051C43B00C3F032 /* UIButton.swift in Sources */,
				954D8EB92041EFBD00A0DE0F /* Arena.swift in Sources */,
				954D8EBD2041F2C800A0DE0F /* ArenaListViewController.swift in Sources */,
				95ABFF642051C53D00C3F032 /* UIImageView.swift in Sources */,
				953D8441202FD174001E4FD7 /* Player.swift in Sources */,
				95ABFF602051C51000C3F032 /* Int.swift in Sources */,
				953D843A202E70CA001E4FD7 /* RestAPIManager.swift in Sources */,
				95ABFF5A2051C4A200C3F032 /* UIViewController.swift in Sources */,
				95ABFF5E2051C4FF00C3F032 /* Double.swift in Sources */,
				95E52AD7203624AF00A66B92 /* RegistrationViewController.swift in Sources */,
				95ABFF662051C55A00C3F032 /* JSON.swift in Sources */,
				953D84492030A363001E4FD7 /* LogicHelper.swift in Sources */,
				95E802882023F9460075FEEE /* AppDelegate.swift in Sources */,
				954D8EBA2041EFBD00A0DE0F /* ArenaAttributes.swift in Sources */,
				95ABFF6A2051C5D000C3F032 /* Formatter.swift in Sources */,
				95ABFF552051C41E00C3F032 /* UITextField.swift in Sources */,
				953D8443202FD174001E4FD7 /* PlayerAttributes.swift in Sources */,
				95ABFF682051C59300C3F032 /* Date.swift in Sources */,
				954A396B20685A0D00222775 /* Data.swift in Sources */,
				95E52AD320361E9300A66B92 /* GlobalState.swift in Sources */,
				95ABFF622051C52500C3F032 /* String.swift in Sources */,
				95ABFF5C2051C4BF00C3F032 /* UIView.swift in Sources */,
				953D843D202E744E001E4FD7 /* Constants.swift in Sources */,
			);
			runOnlyForDeploymentPostprocessing = 0;
		};
		95E802942023F9460075FEEE /* Sources */ = {
			isa = PBXSourcesBuildPhase;
			buildActionMask = 2147483647;
			files = (
				95ABFF512051C39F00C3F032 /* UIApplication.swift in Sources */,
				953D843B202E70CA001E4FD7 /* RestAPIManager.swift in Sources */,
				95E8029D2023F9460075FEEE /* GotchaTests.swift in Sources */,
				95E52AD8203624AF00A66B92 /* RegistrationViewController.swift in Sources */,
				953D844A2030A363001E4FD7 /* LogicHelper.swift in Sources */,
				953D843E202E744E001E4FD7 /* Constants.swift in Sources */,
				953D8444202FD174001E4FD7 /* PlayerAttributes.swift in Sources */,
				95E52AD420361E9300A66B92 /* GlobalState.swift in Sources */,
				953D8442202FD174001E4FD7 /* Player.swift in Sources */,
			);
			runOnlyForDeploymentPostprocessing = 0;
		};
/* End PBXSourcesBuildPhase section */

/* Begin PBXTargetDependency section */
		95E8029A2023F9460075FEEE /* PBXTargetDependency */ = {
			isa = PBXTargetDependency;
			target = 95E802832023F9460075FEEE /* Gotcha */;
			targetProxy = 95E802992023F9460075FEEE /* PBXContainerItemProxy */;
		};
/* End PBXTargetDependency section */

/* Begin PBXVariantGroup section */
		95E8028B2023F9460075FEEE /* Main.storyboard */ = {
			isa = PBXVariantGroup;
			children = (
				95E8028C2023F9460075FEEE /* Base */,
			);
			name = Main.storyboard;
			sourceTree = "<group>";
		};
		95E802902023F9460075FEEE /* LaunchScreen.storyboard */ = {
			isa = PBXVariantGroup;
			children = (
				95E802912023F9460075FEEE /* Base */,
			);
			name = LaunchScreen.storyboard;
			sourceTree = "<group>";
		};
/* End PBXVariantGroup section */

/* Begin XCBuildConfiguration section */
		95E8029F2023F9460075FEEE /* Debug */ = {
			isa = XCBuildConfiguration;
			buildSettings = {
				ALWAYS_SEARCH_USER_PATHS = NO;
				CLANG_ANALYZER_NONNULL = YES;
				CLANG_ANALYZER_NUMBER_OBJECT_CONVERSION = YES_AGGRESSIVE;
				CLANG_CXX_LANGUAGE_STANDARD = "gnu++14";
				CLANG_CXX_LIBRARY = "libc++";
				CLANG_ENABLE_MODULES = YES;
				CLANG_ENABLE_OBJC_ARC = YES;
				CLANG_WARN_BLOCK_CAPTURE_AUTORELEASING = YES;
				CLANG_WARN_BOOL_CONVERSION = YES;
				CLANG_WARN_COMMA = YES;
				CLANG_WARN_CONSTANT_CONVERSION = YES;
				CLANG_WARN_DIRECT_OBJC_ISA_USAGE = YES_ERROR;
				CLANG_WARN_DOCUMENTATION_COMMENTS = YES;
				CLANG_WARN_EMPTY_BODY = YES;
				CLANG_WARN_ENUM_CONVERSION = YES;
				CLANG_WARN_INFINITE_RECURSION = YES;
				CLANG_WARN_INT_CONVERSION = YES;
				CLANG_WARN_NON_LITERAL_NULL_CONVERSION = YES;
				CLANG_WARN_OBJC_LITERAL_CONVERSION = YES;
				CLANG_WARN_OBJC_ROOT_CLASS = YES_ERROR;
				CLANG_WARN_RANGE_LOOP_ANALYSIS = YES;
				CLANG_WARN_STRICT_PROTOTYPES = YES;
				CLANG_WARN_SUSPICIOUS_MOVE = YES;
				CLANG_WARN_UNGUARDED_AVAILABILITY = YES_AGGRESSIVE;
				CLANG_WARN_UNREACHABLE_CODE = YES;
				CLANG_WARN__DUPLICATE_METHOD_MATCH = YES;
				CODE_SIGN_IDENTITY = "iPhone Developer";
				COPY_PHASE_STRIP = NO;
				DEBUG_INFORMATION_FORMAT = dwarf;
				ENABLE_STRICT_OBJC_MSGSEND = YES;
				ENABLE_TESTABILITY = YES;
				GCC_C_LANGUAGE_STANDARD = gnu11;
				GCC_DYNAMIC_NO_PIC = NO;
				GCC_NO_COMMON_BLOCKS = YES;
				GCC_OPTIMIZATION_LEVEL = 0;
				GCC_PREPROCESSOR_DEFINITIONS = (
					"DEBUG=1",
					"$(inherited)",
				);
				GCC_WARN_64_TO_32_BIT_CONVERSION = YES;
				GCC_WARN_ABOUT_RETURN_TYPE = YES_ERROR;
				GCC_WARN_UNDECLARED_SELECTOR = YES;
				GCC_WARN_UNINITIALIZED_AUTOS = YES_AGGRESSIVE;
				GCC_WARN_UNUSED_FUNCTION = YES;
				GCC_WARN_UNUSED_VARIABLE = YES;
				IPHONEOS_DEPLOYMENT_TARGET = 11.2;
				MTL_ENABLE_DEBUG_INFO = YES;
				ONLY_ACTIVE_ARCH = YES;
				SDKROOT = iphoneos;
				SWIFT_ACTIVE_COMPILATION_CONDITIONS = DEBUG;
				SWIFT_OPTIMIZATION_LEVEL = "-Onone";
			};
			name = Debug;
		};
		95E802A02023F9460075FEEE /* Release */ = {
			isa = XCBuildConfiguration;
			buildSettings = {
				ALWAYS_SEARCH_USER_PATHS = NO;
				CLANG_ANALYZER_NONNULL = YES;
				CLANG_ANALYZER_NUMBER_OBJECT_CONVERSION = YES_AGGRESSIVE;
				CLANG_CXX_LANGUAGE_STANDARD = "gnu++14";
				CLANG_CXX_LIBRARY = "libc++";
				CLANG_ENABLE_MODULES = YES;
				CLANG_ENABLE_OBJC_ARC = YES;
				CLANG_WARN_BLOCK_CAPTURE_AUTORELEASING = YES;
				CLANG_WARN_BOOL_CONVERSION = YES;
				CLANG_WARN_COMMA = YES;
				CLANG_WARN_CONSTANT_CONVERSION = YES;
				CLANG_WARN_DIRECT_OBJC_ISA_USAGE = YES_ERROR;
				CLANG_WARN_DOCUMENTATION_COMMENTS = YES;
				CLANG_WARN_EMPTY_BODY = YES;
				CLANG_WARN_ENUM_CONVERSION = YES;
				CLANG_WARN_INFINITE_RECURSION = YES;
				CLANG_WARN_INT_CONVERSION = YES;
				CLANG_WARN_NON_LITERAL_NULL_CONVERSION = YES;
				CLANG_WARN_OBJC_LITERAL_CONVERSION = YES;
				CLANG_WARN_OBJC_ROOT_CLASS = YES_ERROR;
				CLANG_WARN_RANGE_LOOP_ANALYSIS = YES;
				CLANG_WARN_STRICT_PROTOTYPES = YES;
				CLANG_WARN_SUSPICIOUS_MOVE = YES;
				CLANG_WARN_UNGUARDED_AVAILABILITY = YES_AGGRESSIVE;
				CLANG_WARN_UNREACHABLE_CODE = YES;
				CLANG_WARN__DUPLICATE_METHOD_MATCH = YES;
				CODE_SIGN_IDENTITY = "iPhone Developer";
				COPY_PHASE_STRIP = NO;
				DEBUG_INFORMATION_FORMAT = "dwarf-with-dsym";
				ENABLE_NS_ASSERTIONS = NO;
				ENABLE_STRICT_OBJC_MSGSEND = YES;
				GCC_C_LANGUAGE_STANDARD = gnu11;
				GCC_NO_COMMON_BLOCKS = YES;
				GCC_WARN_64_TO_32_BIT_CONVERSION = YES;
				GCC_WARN_ABOUT_RETURN_TYPE = YES_ERROR;
				GCC_WARN_UNDECLARED_SELECTOR = YES;
				GCC_WARN_UNINITIALIZED_AUTOS = YES_AGGRESSIVE;
				GCC_WARN_UNUSED_FUNCTION = YES;
				GCC_WARN_UNUSED_VARIABLE = YES;
				IPHONEOS_DEPLOYMENT_TARGET = 11.2;
				MTL_ENABLE_DEBUG_INFO = NO;
				SDKROOT = iphoneos;
				SWIFT_OPTIMIZATION_LEVEL = "-Owholemodule";
				VALIDATE_PRODUCT = YES;
			};
			name = Release;
		};
		95E802A22023F9460075FEEE /* Debug */ = {
			isa = XCBuildConfiguration;
			baseConfigurationReference = 3D38CD69D36DBBEFF2BD74D6 /* Pods-Gotcha.debug.xcconfig */;
			buildSettings = {
				ASSETCATALOG_COMPILER_APPICON_NAME = AppIcon;
				CODE_SIGN_ENTITLEMENTS = Gotcha/Gotcha.entitlements;
				CODE_SIGN_STYLE = Automatic;
				DEVELOPMENT_TEAM = 2NDR5C7SVU;
				INFOPLIST_FILE = Gotcha/Info.plist;
				LD_RUNPATH_SEARCH_PATHS = "$(inherited) @executable_path/Frameworks";
				PRODUCT_BUNDLE_IDENTIFIER = com.groundspeedhq.Gotcha;
				PRODUCT_NAME = "$(TARGET_NAME)";
				SWIFT_VERSION = 4.0;
				TARGETED_DEVICE_FAMILY = "1,2";
			};
			name = Debug;
		};
		95E802A32023F9460075FEEE /* Release */ = {
			isa = XCBuildConfiguration;
			baseConfigurationReference = F93E83A96F43ED8B1FF71208 /* Pods-Gotcha.release.xcconfig */;
			buildSettings = {
				ASSETCATALOG_COMPILER_APPICON_NAME = AppIcon;
				CODE_SIGN_ENTITLEMENTS = Gotcha/Gotcha.entitlements;
				CODE_SIGN_STYLE = Automatic;
				DEVELOPMENT_TEAM = 2NDR5C7SVU;
				INFOPLIST_FILE = Gotcha/Info.plist;
				LD_RUNPATH_SEARCH_PATHS = "$(inherited) @executable_path/Frameworks";
				PRODUCT_BUNDLE_IDENTIFIER = com.groundspeedhq.Gotcha;
				PRODUCT_NAME = "$(TARGET_NAME)";
				SWIFT_VERSION = 4.0;
				TARGETED_DEVICE_FAMILY = "1,2";
			};
			name = Release;
		};
		95E802A52023F9460075FEEE /* Debug */ = {
			isa = XCBuildConfiguration;
			baseConfigurationReference = BAB6B31B0027314FFAB69842 /* Pods-GotchaTests.debug.xcconfig */;
			buildSettings = {
				ALWAYS_EMBED_SWIFT_STANDARD_LIBRARIES = YES;
				BUNDLE_LOADER = "$(TEST_HOST)";
				CODE_SIGN_STYLE = Automatic;
				DEVELOPMENT_TEAM = 2NDR5C7SVU;
				INFOPLIST_FILE = GotchaTests/Info.plist;
				LD_RUNPATH_SEARCH_PATHS = "$(inherited) @executable_path/Frameworks @loader_path/Frameworks";
				PRODUCT_BUNDLE_IDENTIFIER = com.groundspeedhq.GotchaTests;
				PRODUCT_NAME = "$(TARGET_NAME)";
				SWIFT_VERSION = 4.0;
				TARGETED_DEVICE_FAMILY = "1,2";
				TEST_HOST = "$(BUILT_PRODUCTS_DIR)/Gotcha.app/Gotcha";
			};
			name = Debug;
		};
		95E802A62023F9460075FEEE /* Release */ = {
			isa = XCBuildConfiguration;
			baseConfigurationReference = 56BC6F43DDB31ED6276CE170 /* Pods-GotchaTests.release.xcconfig */;
			buildSettings = {
				ALWAYS_EMBED_SWIFT_STANDARD_LIBRARIES = YES;
				BUNDLE_LOADER = "$(TEST_HOST)";
				CODE_SIGN_STYLE = Automatic;
				DEVELOPMENT_TEAM = 2NDR5C7SVU;
				INFOPLIST_FILE = GotchaTests/Info.plist;
				LD_RUNPATH_SEARCH_PATHS = "$(inherited) @executable_path/Frameworks @loader_path/Frameworks";
				PRODUCT_BUNDLE_IDENTIFIER = com.groundspeedhq.GotchaTests;
				PRODUCT_NAME = "$(TARGET_NAME)";
				SWIFT_VERSION = 4.0;
				TARGETED_DEVICE_FAMILY = "1,2";
				TEST_HOST = "$(BUILT_PRODUCTS_DIR)/Gotcha.app/Gotcha";
			};
			name = Release;
		};
/* End XCBuildConfiguration section */

/* Begin XCConfigurationList section */
		95E8027F2023F9460075FEEE /* Build configuration list for PBXProject "Gotcha" */ = {
			isa = XCConfigurationList;
			buildConfigurations = (
				95E8029F2023F9460075FEEE /* Debug */,
				95E802A02023F9460075FEEE /* Release */,
			);
			defaultConfigurationIsVisible = 0;
			defaultConfigurationName = Release;
		};
		95E802A12023F9460075FEEE /* Build configuration list for PBXNativeTarget "Gotcha" */ = {
			isa = XCConfigurationList;
			buildConfigurations = (
				95E802A22023F9460075FEEE /* Debug */,
				95E802A32023F9460075FEEE /* Release */,
			);
			defaultConfigurationIsVisible = 0;
			defaultConfigurationName = Release;
		};
		95E802A42023F9460075FEEE /* Build configuration list for PBXNativeTarget "GotchaTests" */ = {
			isa = XCConfigurationList;
			buildConfigurations = (
				95E802A52023F9460075FEEE /* Debug */,
				95E802A62023F9460075FEEE /* Release */,
			);
			defaultConfigurationIsVisible = 0;
			defaultConfigurationName = Release;
		};
/* End XCConfigurationList section */
	};
	rootObject = 95E8027C2023F9460075FEEE /* Project object */;
}
